// !$*UTF8*$!
{
	archiveVersion = 1;
	classes = {
	};
	objectVersion = 55;
	objects = {

/* Begin PBXBuildFile section */
		5C82CF3028A2363D00A6136E /* AppDelegate.swift in Sources */ = {isa = PBXBuildFile; fileRef = 5C82CF2F28A2363D00A6136E /* AppDelegate.swift */; };
		5C82CF3228A2363D00A6136E /* SceneDelegate.swift in Sources */ = {isa = PBXBuildFile; fileRef = 5C82CF3128A2363D00A6136E /* SceneDelegate.swift */; };
		5C82CF3728A2363D00A6136E /* Main.storyboard in Resources */ = {isa = PBXBuildFile; fileRef = 5C82CF3528A2363D00A6136E /* Main.storyboard */; };
		5C82CF3928A2363E00A6136E /* Assets.xcassets in Resources */ = {isa = PBXBuildFile; fileRef = 5C82CF3828A2363E00A6136E /* Assets.xcassets */; };
		5C82CF3C28A2363E00A6136E /* LaunchScreen.storyboard in Resources */ = {isa = PBXBuildFile; fileRef = 5C82CF3A28A2363E00A6136E /* LaunchScreen.storyboard */; };
		5C82CF6C28A2487000A6136E /* Segues.swift in Sources */ = {isa = PBXBuildFile; fileRef = 5C82CF6B28A2487000A6136E /* Segues.swift */; };
		5C82CF6E28A2489700A6136E /* UIImageViewExtension.swift in Sources */ = {isa = PBXBuildFile; fileRef = 5C82CF6D28A2489700A6136E /* UIImageViewExtension.swift */; };
		5C82CF7028A248E800A6136E /* UIViewControllerExtension.swift in Sources */ = {isa = PBXBuildFile; fileRef = 5C82CF6F28A248E800A6136E /* UIViewControllerExtension.swift */; };
		5C82CF7728A2496B00A6136E /* BreedsViewModel.swift in Sources */ = {isa = PBXBuildFile; fileRef = 5C82CF7628A2496B00A6136E /* BreedsViewModel.swift */; };
		5C82CF7928A249A300A6136E /* BreedsTableViewCell.swift in Sources */ = {isa = PBXBuildFile; fileRef = 5C82CF7828A249A300A6136E /* BreedsTableViewCell.swift */; };
		5C82CF7B28A249CE00A6136E /* BreedsViewController.swift in Sources */ = {isa = PBXBuildFile; fileRef = 5C82CF7A28A249CE00A6136E /* BreedsViewController.swift */; };
		5C82CF7D28A24A0200A6136E /* Breeds.swift in Sources */ = {isa = PBXBuildFile; fileRef = 5C82CF7C28A24A0200A6136E /* Breeds.swift */; };
		5C82CF8228A24A3900A6136E /* BreedImagesViewModel.swift in Sources */ = {isa = PBXBuildFile; fileRef = 5C82CF8128A24A3900A6136E /* BreedImagesViewModel.swift */; };
		5C82CF8428A24A5C00A6136E /* BreedImagesViewController.swift in Sources */ = {isa = PBXBuildFile; fileRef = 5C82CF8328A24A5C00A6136E /* BreedImagesViewController.swift */; };
		5C82CF8628A24A7A00A6136E /* BreedImage.swift in Sources */ = {isa = PBXBuildFile; fileRef = 5C82CF8528A24A7A00A6136E /* BreedImage.swift */; };
		5C82CF8828A2530500A6136E /* APIHandler.swift in Sources */ = {isa = PBXBuildFile; fileRef = 5C82CF8728A2530500A6136E /* APIHandler.swift */; };
		5C82CF8A28A2532000A6136E /* APIError.swift in Sources */ = {isa = PBXBuildFile; fileRef = 5C82CF8928A2532000A6136E /* APIError.swift */; };
		5C82CF8C28A2533600A6136E /* APILoader.swift in Sources */ = {isa = PBXBuildFile; fileRef = 5C82CF8B28A2533600A6136E /* APILoader.swift */; };
		5C82CF8E28A2534B00A6136E /* APIPath.swift in Sources */ = {isa = PBXBuildFile; fileRef = 5C82CF8D28A2534B00A6136E /* APIPath.swift */; };
		5C82CF9028A2536700A6136E /* RequestHandler.swift in Sources */ = {isa = PBXBuildFile; fileRef = 5C82CF8F28A2536700A6136E /* RequestHandler.swift */; };
		5C82CF9228A2537C00A6136E /* ResponseHandler.swift in Sources */ = {isa = PBXBuildFile; fileRef = 5C82CF9128A2537C00A6136E /* ResponseHandler.swift */; };
		5C82CF9428A2539700A6136E /* Service.swift in Sources */ = {isa = PBXBuildFile; fileRef = 5C82CF9328A2539700A6136E /* Service.swift */; };
		5C82CF9828A253C900A6136E /* APIService.swift in Sources */ = {isa = PBXBuildFile; fileRef = 5C82CF9728A253C900A6136E /* APIService.swift */; };
		5C82CF9A28A253E700A6136E /* BreedService.swift in Sources */ = {isa = PBXBuildFile; fileRef = 5C82CF9928A253E700A6136E /* BreedService.swift */; };
		5C82CF9C28A253FE00A6136E /* BreedImageService.swift in Sources */ = {isa = PBXBuildFile; fileRef = 5C82CF9B28A253FE00A6136E /* BreedImageService.swift */; };
		5C82CF9E28A2554A00A6136E /* breeds.json in Resources */ = {isa = PBXBuildFile; fileRef = 5C82CF9D28A2554A00A6136E /* breeds.json */; };
		5C82CFA228A2558100A6136E /* breedImage.json in Resources */ = {isa = PBXBuildFile; fileRef = 5C82CFA128A2558100A6136E /* breedImage.json */; };
		5C82CFA428A255AD00A6136E /* BreedsViewModelTests.swift in Sources */ = {isa = PBXBuildFile; fileRef = 5C82CFA328A255AD00A6136E /* BreedsViewModelTests.swift */; };
		5C82CFA628A255D600A6136E /* BreedImagesViewModelTests.swift in Sources */ = {isa = PBXBuildFile; fileRef = 5C82CFA528A255D600A6136E /* BreedImagesViewModelTests.swift */; };
		5C82CFA828A255F800A6136E /* MockAPIService.swift in Sources */ = {isa = PBXBuildFile; fileRef = 5C82CFA728A255F800A6136E /* MockAPIService.swift */; };
/* End PBXBuildFile section */

/* Begin PBXContainerItemProxy section */
		5C82CF4328A2363F00A6136E /* PBXContainerItemProxy */ = {
			isa = PBXContainerItemProxy;
			containerPortal = 5C82CF2428A2363D00A6136E /* Project object */;
			proxyType = 1;
			remoteGlobalIDString = 5C82CF2B28A2363D00A6136E;
			remoteInfo = Assignment;
		};
/* End PBXContainerItemProxy section */

/* Begin PBXFileReference section */
		5C82CF2C28A2363D00A6136E /* Assignment.app */ = {isa = PBXFileReference; explicitFileType = wrapper.application; includeInIndex = 0; path = Assignment.app; sourceTree = BUILT_PRODUCTS_DIR; };
		5C82CF2F28A2363D00A6136E /* AppDelegate.swift */ = {isa = PBXFileReference; lastKnownFileType = sourcecode.swift; path = AppDelegate.swift; sourceTree = "<group>"; };
		5C82CF3128A2363D00A6136E /* SceneDelegate.swift */ = {isa = PBXFileReference; lastKnownFileType = sourcecode.swift; path = SceneDelegate.swift; sourceTree = "<group>"; };
		5C82CF3628A2363D00A6136E /* Base */ = {isa = PBXFileReference; lastKnownFileType = file.storyboard; name = Base; path = Base.lproj/Main.storyboard; sourceTree = "<group>"; };
		5C82CF3828A2363E00A6136E /* Assets.xcassets */ = {isa = PBXFileReference; lastKnownFileType = folder.assetcatalog; path = Assets.xcassets; sourceTree = "<group>"; };
		5C82CF3B28A2363E00A6136E /* Base */ = {isa = PBXFileReference; lastKnownFileType = file.storyboard; name = Base; path = Base.lproj/LaunchScreen.storyboard; sourceTree = "<group>"; };
		5C82CF3D28A2363E00A6136E /* Info.plist */ = {isa = PBXFileReference; lastKnownFileType = text.plist.xml; path = Info.plist; sourceTree = "<group>"; };
		5C82CF4228A2363F00A6136E /* AssignmentTests.xctest */ = {isa = PBXFileReference; explicitFileType = wrapper.cfbundle; includeInIndex = 0; path = AssignmentTests.xctest; sourceTree = BUILT_PRODUCTS_DIR; };
		5C82CF6B28A2487000A6136E /* Segues.swift */ = {isa = PBXFileReference; lastKnownFileType = sourcecode.swift; path = Segues.swift; sourceTree = "<group>"; };
		5C82CF6D28A2489700A6136E /* UIImageViewExtension.swift */ = {isa = PBXFileReference; lastKnownFileType = sourcecode.swift; path = UIImageViewExtension.swift; sourceTree = "<group>"; };
		5C82CF6F28A248E800A6136E /* UIViewControllerExtension.swift */ = {isa = PBXFileReference; lastKnownFileType = sourcecode.swift; path = UIViewControllerExtension.swift; sourceTree = "<group>"; };
		5C82CF7628A2496B00A6136E /* BreedsViewModel.swift */ = {isa = PBXFileReference; lastKnownFileType = sourcecode.swift; path = BreedsViewModel.swift; sourceTree = "<group>"; };
		5C82CF7828A249A300A6136E /* BreedsTableViewCell.swift */ = {isa = PBXFileReference; lastKnownFileType = sourcecode.swift; path = BreedsTableViewCell.swift; sourceTree = "<group>"; };
		5C82CF7A28A249CE00A6136E /* BreedsViewController.swift */ = {isa = PBXFileReference; lastKnownFileType = sourcecode.swift; path = BreedsViewController.swift; sourceTree = "<group>"; };
		5C82CF7C28A24A0200A6136E /* Breeds.swift */ = {isa = PBXFileReference; lastKnownFileType = sourcecode.swift; path = Breeds.swift; sourceTree = "<group>"; };
		5C82CF8128A24A3900A6136E /* BreedImagesViewModel.swift */ = {isa = PBXFileReference; lastKnownFileType = sourcecode.swift; path = BreedImagesViewModel.swift; sourceTree = "<group>"; };
		5C82CF8328A24A5C00A6136E /* BreedImagesViewController.swift */ = {isa = PBXFileReference; lastKnownFileType = sourcecode.swift; path = BreedImagesViewController.swift; sourceTree = "<group>"; };
		5C82CF8528A24A7A00A6136E /* BreedImage.swift */ = {isa = PBXFileReference; lastKnownFileType = sourcecode.swift; path = BreedImage.swift; sourceTree = "<group>"; };
		5C82CF8728A2530500A6136E /* APIHandler.swift */ = {isa = PBXFileReference; lastKnownFileType = sourcecode.swift; path = APIHandler.swift; sourceTree = "<group>"; };
		5C82CF8928A2532000A6136E /* APIError.swift */ = {isa = PBXFileReference; lastKnownFileType = sourcecode.swift; path = APIError.swift; sourceTree = "<group>"; };
		5C82CF8B28A2533600A6136E /* APILoader.swift */ = {isa = PBXFileReference; lastKnownFileType = sourcecode.swift; path = APILoader.swift; sourceTree = "<group>"; };
		5C82CF8D28A2534B00A6136E /* APIPath.swift */ = {isa = PBXFileReference; lastKnownFileType = sourcecode.swift; path = APIPath.swift; sourceTree = "<group>"; };
		5C82CF8F28A2536700A6136E /* RequestHandler.swift */ = {isa = PBXFileReference; lastKnownFileType = sourcecode.swift; path = RequestHandler.swift; sourceTree = "<group>"; };
		5C82CF9128A2537C00A6136E /* ResponseHandler.swift */ = {isa = PBXFileReference; lastKnownFileType = sourcecode.swift; path = ResponseHandler.swift; sourceTree = "<group>"; };
		5C82CF9328A2539700A6136E /* Service.swift */ = {isa = PBXFileReference; lastKnownFileType = sourcecode.swift; path = Service.swift; sourceTree = "<group>"; };
		5C82CF9728A253C900A6136E /* APIService.swift */ = {isa = PBXFileReference; lastKnownFileType = sourcecode.swift; path = APIService.swift; sourceTree = "<group>"; };
		5C82CF9928A253E700A6136E /* BreedService.swift */ = {isa = PBXFileReference; lastKnownFileType = sourcecode.swift; path = BreedService.swift; sourceTree = "<group>"; };
		5C82CF9B28A253FE00A6136E /* BreedImageService.swift */ = {isa = PBXFileReference; lastKnownFileType = sourcecode.swift; path = BreedImageService.swift; sourceTree = "<group>"; };
		5C82CF9D28A2554A00A6136E /* breeds.json */ = {isa = PBXFileReference; lastKnownFileType = text.json; path = breeds.json; sourceTree = "<group>"; };
		5C82CFA128A2558100A6136E /* breedImage.json */ = {isa = PBXFileReference; lastKnownFileType = text.json; path = breedImage.json; sourceTree = "<group>"; };
		5C82CFA328A255AD00A6136E /* BreedsViewModelTests.swift */ = {isa = PBXFileReference; lastKnownFileType = sourcecode.swift; path = BreedsViewModelTests.swift; sourceTree = "<group>"; };
		5C82CFA528A255D600A6136E /* BreedImagesViewModelTests.swift */ = {isa = PBXFileReference; lastKnownFileType = sourcecode.swift; path = BreedImagesViewModelTests.swift; sourceTree = "<group>"; };
		5C82CFA728A255F800A6136E /* MockAPIService.swift */ = {isa = PBXFileReference; lastKnownFileType = sourcecode.swift; path = MockAPIService.swift; sourceTree = "<group>"; };
/* End PBXFileReference section */

/* Begin PBXFrameworksBuildPhase section */
		5C82CF2928A2363D00A6136E /* Frameworks */ = {
			isa = PBXFrameworksBuildPhase;
			buildActionMask = 2147483647;
			files = (
			);
			runOnlyForDeploymentPostprocessing = 0;
		};
		5C82CF3F28A2363F00A6136E /* Frameworks */ = {
			isa = PBXFrameworksBuildPhase;
			buildActionMask = 2147483647;
			files = (
			);
			runOnlyForDeploymentPostprocessing = 0;
		};
/* End PBXFrameworksBuildPhase section */

/* Begin PBXGroup section */
		5C82CF2328A2363D00A6136E = {
			isa = PBXGroup;
			children = (
				5C82CF2E28A2363D00A6136E /* Assignment */,
				5C82CF4528A2363F00A6136E /* AssignmentTests */,
				5C82CF2D28A2363D00A6136E /* Products */,
			);
			sourceTree = "<group>";
		};
		5C82CF2D28A2363D00A6136E /* Products */ = {
			isa = PBXGroup;
			children = (
				5C82CF2C28A2363D00A6136E /* Assignment.app */,
				5C82CF4228A2363F00A6136E /* AssignmentTests.xctest */,
			);
			name = Products;
			sourceTree = "<group>";
		};
		5C82CF2E28A2363D00A6136E /* Assignment */ = {
			isa = PBXGroup;
			children = (
				5C82CF6728A2482B00A6136E /* App */,
				5C82CF6628A2482000A6136E /* Constants */,
				5C82CF6528A2481800A6136E /* Extensions */,
				5C82CF6428A2480F00A6136E /* Features */,
				5C82CF6328A2480400A6136E /* Networking */,
				5C82CF6228A247F700A6136E /* Services */,
				5C82CF6128A247E800A6136E /* APIServices */,
				5C82CF6028A247CE00A6136E /* Storyboards */,
				5C82CF5F28A247C700A6136E /* Resources */,
			);
			path = Assignment;
			sourceTree = "<group>";
		};
		5C82CF4528A2363F00A6136E /* AssignmentTests */ = {
			isa = PBXGroup;
			children = (
				5C82CF6A28A2484100A6136E /* MockJSON */,
				5C82CF6928A2483A00A6136E /* Features */,
				5C82CF6828A2483200A6136E /* Services */,
			);
			path = AssignmentTests;
			sourceTree = "<group>";
		};
		5C82CF5F28A247C700A6136E /* Resources */ = {
			isa = PBXGroup;
			children = (
				5C82CF3D28A2363E00A6136E /* Info.plist */,
				5C82CF3828A2363E00A6136E /* Assets.xcassets */,
			);
			path = Resources;
			sourceTree = "<group>";
		};
		5C82CF6028A247CE00A6136E /* Storyboards */ = {
			isa = PBXGroup;
			children = (
				5C82CF3528A2363D00A6136E /* Main.storyboard */,
				5C82CF3A28A2363E00A6136E /* LaunchScreen.storyboard */,
			);
			path = Storyboards;
			sourceTree = "<group>";
		};
		5C82CF6128A247E800A6136E /* APIServices */ = {
			isa = PBXGroup;
			children = (
				5C82CF9928A253E700A6136E /* BreedService.swift */,
				5C82CF9B28A253FE00A6136E /* BreedImageService.swift */,
			);
			path = APIServices;
			sourceTree = "<group>";
		};
		5C82CF6228A247F700A6136E /* Services */ = {
			isa = PBXGroup;
			children = (
				5C82CF9328A2539700A6136E /* Service.swift */,
				5C82CF9728A253C900A6136E /* APIService.swift */,
			);
			path = Services;
			sourceTree = "<group>";
		};
		5C82CF6328A2480400A6136E /* Networking */ = {
			isa = PBXGroup;
			children = (
				5C82CF8728A2530500A6136E /* APIHandler.swift */,
				5C82CF8928A2532000A6136E /* APIError.swift */,
				5C82CF8B28A2533600A6136E /* APILoader.swift */,
				5C82CF8D28A2534B00A6136E /* APIPath.swift */,
				5C82CF8F28A2536700A6136E /* RequestHandler.swift */,
				5C82CF9128A2537C00A6136E /* ResponseHandler.swift */,
			);
			path = Networking;
			sourceTree = "<group>";
		};
		5C82CF6428A2480F00A6136E /* Features */ = {
			isa = PBXGroup;
			children = (
				5C82CF7228A2493300A6136E /* Breeds */,
				5C82CF7128A2492B00A6136E /* BreedImages */,
			);
			path = Features;
			sourceTree = "<group>";
		};
		5C82CF6528A2481800A6136E /* Extensions */ = {
			isa = PBXGroup;
			children = (
				5C82CF6D28A2489700A6136E /* UIImageViewExtension.swift */,
				5C82CF6F28A248E800A6136E /* UIViewControllerExtension.swift */,
			);
			path = Extensions;
			sourceTree = "<group>";
		};
		5C82CF6628A2482000A6136E /* Constants */ = {
			isa = PBXGroup;
			children = (
				5C82CF6B28A2487000A6136E /* Segues.swift */,
			);
			path = Constants;
			sourceTree = "<group>";
		};
		5C82CF6728A2482B00A6136E /* App */ = {
			isa = PBXGroup;
			children = (
				5C82CF2F28A2363D00A6136E /* AppDelegate.swift */,
				5C82CF3128A2363D00A6136E /* SceneDelegate.swift */,
			);
			path = App;
			sourceTree = "<group>";
		};
		5C82CF6828A2483200A6136E /* Services */ = {
			isa = PBXGroup;
			children = (
				5C82CFA728A255F800A6136E /* MockAPIService.swift */,
			);
			path = Services;
			sourceTree = "<group>";
		};
		5C82CF6928A2483A00A6136E /* Features */ = {
			isa = PBXGroup;
			children = (
				5C82CFA328A255AD00A6136E /* BreedsViewModelTests.swift */,
				5C82CFA528A255D600A6136E /* BreedImagesViewModelTests.swift */,
			);
			path = Features;
			sourceTree = "<group>";
		};
		5C82CF6A28A2484100A6136E /* MockJSON */ = {
			isa = PBXGroup;
			children = (
				5C82CF9D28A2554A00A6136E /* breeds.json */,
				5C82CFA128A2558100A6136E /* breedImage.json */,
			);
			path = MockJSON;
			sourceTree = "<group>";
		};
		5C82CF7128A2492B00A6136E /* BreedImages */ = {
			isa = PBXGroup;
			children = (
				5C82CF8028A24A1D00A6136E /* ViewModel */,
				5C82CF7F28A24A1900A6136E /* View */,
				5C82CF7E28A24A1200A6136E /* Model */,
			);
			path = BreedImages;
			sourceTree = "<group>";
		};
		5C82CF7228A2493300A6136E /* Breeds */ = {
			isa = PBXGroup;
			children = (
				5C82CF7528A2495600A6136E /* ViewModel */,
				5C82CF7428A2495100A6136E /* View */,
				5C82CF7328A2494B00A6136E /* Model */,
			);
			path = Breeds;
			sourceTree = "<group>";
		};
		5C82CF7328A2494B00A6136E /* Model */ = {
			isa = PBXGroup;
			children = (
				5C82CF7C28A24A0200A6136E /* Breeds.swift */,
			);
			path = Model;
			sourceTree = "<group>";
		};
		5C82CF7428A2495100A6136E /* View */ = {
			isa = PBXGroup;
			children = (
				5C82CF7828A249A300A6136E /* BreedsTableViewCell.swift */,
				5C82CF7A28A249CE00A6136E /* BreedsViewController.swift */,
			);
			path = View;
			sourceTree = "<group>";
		};
		5C82CF7528A2495600A6136E /* ViewModel */ = {
			isa = PBXGroup;
			children = (
				5C82CF7628A2496B00A6136E /* BreedsViewModel.swift */,
			);
			path = ViewModel;
			sourceTree = "<group>";
		};
		5C82CF7E28A24A1200A6136E /* Model */ = {
			isa = PBXGroup;
			children = (
				5C82CF8528A24A7A00A6136E /* BreedImage.swift */,
			);
			path = Model;
			sourceTree = "<group>";
		};
		5C82CF7F28A24A1900A6136E /* View */ = {
			isa = PBXGroup;
			children = (
				5C82CF8328A24A5C00A6136E /* BreedImagesViewController.swift */,
			);
			path = View;
			sourceTree = "<group>";
		};
		5C82CF8028A24A1D00A6136E /* ViewModel */ = {
			isa = PBXGroup;
			children = (
				5C82CF8128A24A3900A6136E /* BreedImagesViewModel.swift */,
			);
			path = ViewModel;
			sourceTree = "<group>";
		};
/* End PBXGroup section */

/* Begin PBXNativeTarget section */
		5C82CF2B28A2363D00A6136E /* Assignment */ = {
			isa = PBXNativeTarget;
			buildConfigurationList = 5C82CF5628A2363F00A6136E /* Build configuration list for PBXNativeTarget "Assignment" */;
			buildPhases = (
				5C82CF2828A2363D00A6136E /* Sources */,
				5C82CF2928A2363D00A6136E /* Frameworks */,
				5C82CF2A28A2363D00A6136E /* Resources */,
			);
			buildRules = (
			);
			dependencies = (
			);
			name = Assignment;
			productName = Assignment;
			productReference = 5C82CF2C28A2363D00A6136E /* Assignment.app */;
			productType = "com.apple.product-type.application";
		};
		5C82CF4128A2363F00A6136E /* AssignmentTests */ = {
			isa = PBXNativeTarget;
			buildConfigurationList = 5C82CF5928A2363F00A6136E /* Build configuration list for PBXNativeTarget "AssignmentTests" */;
			buildPhases = (
				5C82CF3E28A2363F00A6136E /* Sources */,
				5C82CF3F28A2363F00A6136E /* Frameworks */,
				5C82CF4028A2363F00A6136E /* Resources */,
			);
			buildRules = (
			);
			dependencies = (
				5C82CF4428A2363F00A6136E /* PBXTargetDependency */,
			);
			name = AssignmentTests;
			productName = AssignmentTests;
			productReference = 5C82CF4228A2363F00A6136E /* AssignmentTests.xctest */;
			productType = "com.apple.product-type.bundle.unit-test";
		};
/* End PBXNativeTarget section */

/* Begin PBXProject section */
		5C82CF2428A2363D00A6136E /* Project object */ = {
			isa = PBXProject;
			attributes = {
				BuildIndependentTargetsInParallel = 1;
				LastSwiftUpdateCheck = 1310;
				LastUpgradeCheck = 1310;
				TargetAttributes = {
					5C82CF2B28A2363D00A6136E = {
						CreatedOnToolsVersion = 13.1;
					};
					5C82CF4128A2363F00A6136E = {
						CreatedOnToolsVersion = 13.1;
						LastSwiftMigration = 1310;
						TestTargetID = 5C82CF2B28A2363D00A6136E;
					};
				};
			};
			buildConfigurationList = 5C82CF2728A2363D00A6136E /* Build configuration list for PBXProject "Assignment" */;
			compatibilityVersion = "Xcode 13.0";
			developmentRegion = en;
			hasScannedForEncodings = 0;
			knownRegions = (
				en,
				Base,
			);
			mainGroup = 5C82CF2328A2363D00A6136E;
			productRefGroup = 5C82CF2D28A2363D00A6136E /* Products */;
			projectDirPath = "";
			projectRoot = "";
			targets = (
				5C82CF2B28A2363D00A6136E /* Assignment */,
				5C82CF4128A2363F00A6136E /* AssignmentTests */,
			);
		};
/* End PBXProject section */

/* Begin PBXResourcesBuildPhase section */
		5C82CF2A28A2363D00A6136E /* Resources */ = {
			isa = PBXResourcesBuildPhase;
			buildActionMask = 2147483647;
			files = (
				5C82CF3C28A2363E00A6136E /* LaunchScreen.storyboard in Resources */,
				5C82CF3928A2363E00A6136E /* Assets.xcassets in Resources */,
				5C82CF3728A2363D00A6136E /* Main.storyboard in Resources */,
			);
			runOnlyForDeploymentPostprocessing = 0;
		};
		5C82CF4028A2363F00A6136E /* Resources */ = {
			isa = PBXResourcesBuildPhase;
			buildActionMask = 2147483647;
			files = (
				5C82CFA228A2558100A6136E /* breedImage.json in Resources */,
				5C82CF9E28A2554A00A6136E /* breeds.json in Resources */,
			);
			runOnlyForDeploymentPostprocessing = 0;
		};
/* End PBXResourcesBuildPhase section */

/* Begin PBXSourcesBuildPhase section */
		5C82CF2828A2363D00A6136E /* Sources */ = {
			isa = PBXSourcesBuildPhase;
			buildActionMask = 2147483647;
			files = (
				5C82CF7D28A24A0200A6136E /* Breeds.swift in Sources */,
				5C82CF9828A253C900A6136E /* APIService.swift in Sources */,
				5C82CF9228A2537C00A6136E /* ResponseHandler.swift in Sources */,
				5C82CF6E28A2489700A6136E /* UIImageViewExtension.swift in Sources */,
				5C82CF7728A2496B00A6136E /* BreedsViewModel.swift in Sources */,
				5C82CF8628A24A7A00A6136E /* BreedImage.swift in Sources */,
				5C82CF9A28A253E700A6136E /* BreedService.swift in Sources */,
				5C82CF7028A248E800A6136E /* UIViewControllerExtension.swift in Sources */,
				5C82CF8428A24A5C00A6136E /* BreedImagesViewController.swift in Sources */,
				5C82CF8828A2530500A6136E /* APIHandler.swift in Sources */,
				5C82CF8A28A2532000A6136E /* APIError.swift in Sources */,
				5C82CF7B28A249CE00A6136E /* BreedsViewController.swift in Sources */,
				5C82CF8E28A2534B00A6136E /* APIPath.swift in Sources */,
				5C82CF7928A249A300A6136E /* BreedsTableViewCell.swift in Sources */,
				5C82CF8C28A2533600A6136E /* APILoader.swift in Sources */,
				5C82CF3028A2363D00A6136E /* AppDelegate.swift in Sources */,
				5C82CF9C28A253FE00A6136E /* BreedImageService.swift in Sources */,
				5C82CF9028A2536700A6136E /* RequestHandler.swift in Sources */,
				5C82CF3228A2363D00A6136E /* SceneDelegate.swift in Sources */,
				5C82CF9428A2539700A6136E /* Service.swift in Sources */,
				5C82CF6C28A2487000A6136E /* Segues.swift in Sources */,
				5C82CF8228A24A3900A6136E /* BreedImagesViewModel.swift in Sources */,
			);
			runOnlyForDeploymentPostprocessing = 0;
		};
		5C82CF3E28A2363F00A6136E /* Sources */ = {
			isa = PBXSourcesBuildPhase;
			buildActionMask = 2147483647;
			files = (
				5C82CFA828A255F800A6136E /* MockAPIService.swift in Sources */,
				5C82CFA428A255AD00A6136E /* BreedsViewModelTests.swift in Sources */,
				5C82CFA628A255D600A6136E /* BreedImagesViewModelTests.swift in Sources */,
			);
			runOnlyForDeploymentPostprocessing = 0;
		};
/* End PBXSourcesBuildPhase section */

/* Begin PBXTargetDependency section */
		5C82CF4428A2363F00A6136E /* PBXTargetDependency */ = {
			isa = PBXTargetDependency;
			target = 5C82CF2B28A2363D00A6136E /* Assignment */;
			targetProxy = 5C82CF4328A2363F00A6136E /* PBXContainerItemProxy */;
		};
/* End PBXTargetDependency section */

/* Begin PBXVariantGroup section */
		5C82CF3528A2363D00A6136E /* Main.storyboard */ = {
			isa = PBXVariantGroup;
			children = (
				5C82CF3628A2363D00A6136E /* Base */,
			);
			name = Main.storyboard;
			sourceTree = "<group>";
		};
		5C82CF3A28A2363E00A6136E /* LaunchScreen.storyboard */ = {
			isa = PBXVariantGroup;
			children = (
				5C82CF3B28A2363E00A6136E /* Base */,
			);
			name = LaunchScreen.storyboard;
			sourceTree = "<group>";
		};
/* End PBXVariantGroup section */

/* Begin XCBuildConfiguration section */
		5C82CF5428A2363F00A6136E /* Debug */ = {
			isa = XCBuildConfiguration;
			buildSettings = {
				ALWAYS_SEARCH_USER_PATHS = NO;
				CLANG_ANALYZER_NONNULL = YES;
				CLANG_ANALYZER_NUMBER_OBJECT_CONVERSION = YES_AGGRESSIVE;
				CLANG_CXX_LANGUAGE_STANDARD = "gnu++17";
				CLANG_CXX_LIBRARY = "libc++";
				CLANG_ENABLE_MODULES = YES;
				CLANG_ENABLE_OBJC_ARC = YES;
				CLANG_ENABLE_OBJC_WEAK = YES;
				CLANG_WARN_BLOCK_CAPTURE_AUTORELEASING = YES;
				CLANG_WARN_BOOL_CONVERSION = YES;
				CLANG_WARN_COMMA = YES;
				CLANG_WARN_CONSTANT_CONVERSION = YES;
				CLANG_WARN_DEPRECATED_OBJC_IMPLEMENTATIONS = YES;
				CLANG_WARN_DIRECT_OBJC_ISA_USAGE = YES_ERROR;
				CLANG_WARN_DOCUMENTATION_COMMENTS = YES;
				CLANG_WARN_EMPTY_BODY = YES;
				CLANG_WARN_ENUM_CONVERSION = YES;
				CLANG_WARN_INFINITE_RECURSION = YES;
				CLANG_WARN_INT_CONVERSION = YES;
				CLANG_WARN_NON_LITERAL_NULL_CONVERSION = YES;
				CLANG_WARN_OBJC_IMPLICIT_RETAIN_SELF = YES;
				CLANG_WARN_OBJC_LITERAL_CONVERSION = YES;
				CLANG_WARN_OBJC_ROOT_CLASS = YES_ERROR;
				CLANG_WARN_QUOTED_INCLUDE_IN_FRAMEWORK_HEADER = YES;
				CLANG_WARN_RANGE_LOOP_ANALYSIS = YES;
				CLANG_WARN_STRICT_PROTOTYPES = YES;
				CLANG_WARN_SUSPICIOUS_MOVE = YES;
				CLANG_WARN_UNGUARDED_AVAILABILITY = YES_AGGRESSIVE;
				CLANG_WARN_UNREACHABLE_CODE = YES;
				CLANG_WARN__DUPLICATE_METHOD_MATCH = YES;
				COPY_PHASE_STRIP = NO;
				DEBUG_INFORMATION_FORMAT = dwarf;
				ENABLE_STRICT_OBJC_MSGSEND = YES;
				ENABLE_TESTABILITY = YES;
				GCC_C_LANGUAGE_STANDARD = gnu11;
				GCC_DYNAMIC_NO_PIC = NO;
				GCC_NO_COMMON_BLOCKS = YES;
				GCC_OPTIMIZATION_LEVEL = 0;
				GCC_PREPROCESSOR_DEFINITIONS = (
					"DEBUG=1",
					"$(inherited)",
				);
				GCC_WARN_64_TO_32_BIT_CONVERSION = YES;
				GCC_WARN_ABOUT_RETURN_TYPE = YES_ERROR;
				GCC_WARN_UNDECLARED_SELECTOR = YES;
				GCC_WARN_UNINITIALIZED_AUTOS = YES_AGGRESSIVE;
				GCC_WARN_UNUSED_FUNCTION = YES;
				GCC_WARN_UNUSED_VARIABLE = YES;
				IPHONEOS_DEPLOYMENT_TARGET = 15.0;
				MTL_ENABLE_DEBUG_INFO = INCLUDE_SOURCE;
				MTL_FAST_MATH = YES;
				ONLY_ACTIVE_ARCH = YES;
				SDKROOT = iphoneos;
				SWIFT_ACTIVE_COMPILATION_CONDITIONS = DEBUG;
				SWIFT_OPTIMIZATION_LEVEL = "-Onone";
			};
			name = Debug;
		};
		5C82CF5528A2363F00A6136E /* Release */ = {
			isa = XCBuildConfiguration;
			buildSettings = {
				ALWAYS_SEARCH_USER_PATHS = NO;
				CLANG_ANALYZER_NONNULL = YES;
				CLANG_ANALYZER_NUMBER_OBJECT_CONVERSION = YES_AGGRESSIVE;
				CLANG_CXX_LANGUAGE_STANDARD = "gnu++17";
				CLANG_CXX_LIBRARY = "libc++";
				CLANG_ENABLE_MODULES = YES;
				CLANG_ENABLE_OBJC_ARC = YES;
				CLANG_ENABLE_OBJC_WEAK = YES;
				CLANG_WARN_BLOCK_CAPTURE_AUTORELEASING = YES;
				CLANG_WARN_BOOL_CONVERSION = YES;
				CLANG_WARN_COMMA = YES;
				CLANG_WARN_CONSTANT_CONVERSION = YES;
				CLANG_WARN_DEPRECATED_OBJC_IMPLEMENTATIONS = YES;
				CLANG_WARN_DIRECT_OBJC_ISA_USAGE = YES_ERROR;
				CLANG_WARN_DOCUMENTATION_COMMENTS = YES;
				CLANG_WARN_EMPTY_BODY = YES;
				CLANG_WARN_ENUM_CONVERSION = YES;
				CLANG_WARN_INFINITE_RECURSION = YES;
				CLANG_WARN_INT_CONVERSION = YES;
				CLANG_WARN_NON_LITERAL_NULL_CONVERSION = YES;
				CLANG_WARN_OBJC_IMPLICIT_RETAIN_SELF = YES;
				CLANG_WARN_OBJC_LITERAL_CONVERSION = YES;
				CLANG_WARN_OBJC_ROOT_CLASS = YES_ERROR;
				CLANG_WARN_QUOTED_INCLUDE_IN_FRAMEWORK_HEADER = YES;
				CLANG_WARN_RANGE_LOOP_ANALYSIS = YES;
				CLANG_WARN_STRICT_PROTOTYPES = YES;
				CLANG_WARN_SUSPICIOUS_MOVE = YES;
				CLANG_WARN_UNGUARDED_AVAILABILITY = YES_AGGRESSIVE;
				CLANG_WARN_UNREACHABLE_CODE = YES;
				CLANG_WARN__DUPLICATE_METHOD_MATCH = YES;
				COPY_PHASE_STRIP = NO;
				DEBUG_INFORMATION_FORMAT = "dwarf-with-dsym";
				ENABLE_NS_ASSERTIONS = NO;
				ENABLE_STRICT_OBJC_MSGSEND = YES;
				GCC_C_LANGUAGE_STANDARD = gnu11;
				GCC_NO_COMMON_BLOCKS = YES;
				GCC_WARN_64_TO_32_BIT_CONVERSION = YES;
				GCC_WARN_ABOUT_RETURN_TYPE = YES_ERROR;
				GCC_WARN_UNDECLARED_SELECTOR = YES;
				GCC_WARN_UNINITIALIZED_AUTOS = YES_AGGRESSIVE;
				GCC_WARN_UNUSED_FUNCTION = YES;
				GCC_WARN_UNUSED_VARIABLE = YES;
				IPHONEOS_DEPLOYMENT_TARGET = 15.0;
				MTL_ENABLE_DEBUG_INFO = NO;
				MTL_FAST_MATH = YES;
				SDKROOT = iphoneos;
				SWIFT_COMPILATION_MODE = wholemodule;
				SWIFT_OPTIMIZATION_LEVEL = "-O";
				VALIDATE_PRODUCT = YES;
			};
			name = Release;
		};
		5C82CF5728A2363F00A6136E /* Debug */ = {
			isa = XCBuildConfiguration;
			buildSettings = {
				ASSETCATALOG_COMPILER_APPICON_NAME = AppIcon;
				ASSETCATALOG_COMPILER_GLOBAL_ACCENT_COLOR_NAME = AccentColor;
				CODE_SIGN_STYLE = Automatic;
				CURRENT_PROJECT_VERSION = 1;
				DEVELOPMENT_TEAM = R6EWZ5K58V;
				GENERATE_INFOPLIST_FILE = YES;
				INFOPLIST_FILE = /Users/ishu/Documents/Ishwar/Shaadi.com/Assignment/Assignment/Resources/Info.plist;
				INFOPLIST_KEY_UIApplicationSupportsIndirectInputEvents = YES;
				INFOPLIST_KEY_UILaunchStoryboardName = LaunchScreen;
				INFOPLIST_KEY_UIMainStoryboardFile = Main;
				INFOPLIST_KEY_UISupportedInterfaceOrientations_iPad = "UIInterfaceOrientationPortrait UIInterfaceOrientationPortraitUpsideDown UIInterfaceOrientationLandscapeLeft UIInterfaceOrientationLandscapeRight";
				INFOPLIST_KEY_UISupportedInterfaceOrientations_iPhone = "UIInterfaceOrientationPortrait UIInterfaceOrientationLandscapeLeft UIInterfaceOrientationLandscapeRight";
				LD_RUNPATH_SEARCH_PATHS = (
					"$(inherited)",
					"@executable_path/Frameworks",
				);
				MARKETING_VERSION = 1.0;
				PRODUCT_BUNDLE_IDENTIFIER = com.ishwar.Assignment;
				PRODUCT_NAME = "$(TARGET_NAME)";
				SWIFT_EMIT_LOC_STRINGS = YES;
				SWIFT_VERSION = 5.0;
				TARGETED_DEVICE_FAMILY = "1,2";
			};
			name = Debug;
		};
		5C82CF5828A2363F00A6136E /* Release */ = {
			isa = XCBuildConfiguration;
			buildSettings = {
				ASSETCATALOG_COMPILER_APPICON_NAME = AppIcon;
				ASSETCATALOG_COMPILER_GLOBAL_ACCENT_COLOR_NAME = AccentColor;
				CODE_SIGN_STYLE = Automatic;
				CURRENT_PROJECT_VERSION = 1;
				DEVELOPMENT_TEAM = R6EWZ5K58V;
				GENERATE_INFOPLIST_FILE = YES;
				INFOPLIST_FILE = /Users/ishu/Documents/Ishwar/Shaadi.com/Assignment/Assignment/Resources/Info.plist;
				INFOPLIST_KEY_UIApplicationSupportsIndirectInputEvents = YES;
				INFOPLIST_KEY_UILaunchStoryboardName = LaunchScreen;
				INFOPLIST_KEY_UIMainStoryboardFile = Main;
				INFOPLIST_KEY_UISupportedInterfaceOrientations_iPad = "UIInterfaceOrientationPortrait UIInterfaceOrientationPortraitUpsideDown UIInterfaceOrientationLandscapeLeft UIInterfaceOrientationLandscapeRight";
				INFOPLIST_KEY_UISupportedInterfaceOrientations_iPhone = "UIInterfaceOrientationPortrait UIInterfaceOrientationLandscapeLeft UIInterfaceOrientationLandscapeRight";
				LD_RUNPATH_SEARCH_PATHS = (
					"$(inherited)",
					"@executable_path/Frameworks",
				);
				MARKETING_VERSION = 1.0;
				PRODUCT_BUNDLE_IDENTIFIER = com.ishwar.Assignment;
				PRODUCT_NAME = "$(TARGET_NAME)";
				SWIFT_EMIT_LOC_STRINGS = YES;
				SWIFT_VERSION = 5.0;
				TARGETED_DEVICE_FAMILY = "1,2";
			};
			name = Release;
		};
		5C82CF5A28A2363F00A6136E /* Debug */ = {
			isa = XCBuildConfiguration;
			buildSettings = {
				ALWAYS_EMBED_SWIFT_STANDARD_LIBRARIES = YES;
				BUNDLE_LOADER = "$(TEST_HOST)";
				CLANG_ENABLE_MODULES = YES;
				CODE_SIGN_STYLE = Automatic;
				CURRENT_PROJECT_VERSION = 1;
				DEVELOPMENT_TEAM = R6EWZ5K58V;
				GENERATE_INFOPLIST_FILE = YES;
				IPHONEOS_DEPLOYMENT_TARGET = 15.0;
				LD_RUNPATH_SEARCH_PATHS = (
					"$(inherited)",
					"@executable_path/Frameworks",
					"@loader_path/Frameworks",
				);
				MARKETING_VERSION = 1.0;
				PRODUCT_BUNDLE_IDENTIFIER = com.ishwar.AssignmentTests;
				PRODUCT_NAME = "$(TARGET_NAME)";
				SWIFT_EMIT_LOC_STRINGS = NO;
				SWIFT_OPTIMIZATION_LEVEL = "-Onone";
				SWIFT_VERSION = 5.0;
				TARGETED_DEVICE_FAMILY = "1,2";
				TEST_HOST = "$(BUILT_PRODUCTS_DIR)/Assignment.app/Assignment";
			};
			name = Debug;
		};
		5C82CF5B28A2363F00A6136E /* Release */ = {
			isa = XCBuildConfiguration;
			buildSettings = {
				ALWAYS_EMBED_SWIFT_STANDARD_LIBRARIES = YES;
				BUNDLE_LOADER = "$(TEST_HOST)";
				CLANG_ENABLE_MODULES = YES;
				CODE_SIGN_STYLE = Automatic;
				CURRENT_PROJECT_VERSION = 1;
				DEVELOPMENT_TEAM = R6EWZ5K58V;
				GENERATE_INFOPLIST_FILE = YES;
				IPHONEOS_DEPLOYMENT_TARGET = 15.0;
				LD_RUNPATH_SEARCH_PATHS = (
					"$(inherited)",
					"@executable_path/Frameworks",
					"@loader_path/Frameworks",
				);
				MARKETING_VERSION = 1.0;
				PRODUCT_BUNDLE_IDENTIFIER = com.ishwar.AssignmentTests;
				PRODUCT_NAME = "$(TARGET_NAME)";
				SWIFT_EMIT_LOC_STRINGS = NO;
				SWIFT_VERSION = 5.0;
				TARGETED_DEVICE_FAMILY = "1,2";
				TEST_HOST = "$(BUILT_PRODUCTS_DIR)/Assignment.app/Assignment";
			};
			name = Release;
		};
/* End XCBuildConfiguration section */

/* Begin XCConfigurationList section */
		5C82CF2728A2363D00A6136E /* Build configuration list for PBXProject "Assignment" */ = {
			isa = XCConfigurationList;
			buildConfigurations = (
				5C82CF5428A2363F00A6136E /* Debug */,
				5C82CF5528A2363F00A6136E /* Release */,
			);
			defaultConfigurationIsVisible = 0;
			defaultConfigurationName = Release;
		};
		5C82CF5628A2363F00A6136E /* Build configuration list for PBXNativeTarget "Assignment" */ = {
			isa = XCConfigurationList;
			buildConfigurations = (
				5C82CF5728A2363F00A6136E /* Debug */,
				5C82CF5828A2363F00A6136E /* Release */,
			);
			defaultConfigurationIsVisible = 0;
			defaultConfigurationName = Release;
		};
		5C82CF5928A2363F00A6136E /* Build configuration list for PBXNativeTarget "AssignmentTests" */ = {
			isa = XCConfigurationList;
			buildConfigurations = (
				5C82CF5A28A2363F00A6136E /* Debug */,
				5C82CF5B28A2363F00A6136E /* Release */,
			);
			defaultConfigurationIsVisible = 0;
			defaultConfigurationName = Release;
		};
/* End XCConfigurationList section */
	};
	rootObject = 5C82CF2428A2363D00A6136E /* Project object */;
}
